// !$*UTF8*$!
{
	archiveVersion = 1;
	classes = {
	};
	objectVersion = 55;
	objects = {

/* Begin PBXBuildFile section */
		09A7832F27D8EF0300E243F4 /* I_Am_Rich_Swift_UIApp.swift in Sources */ = {isa = PBXBuildFile; fileRef = 09A7832E27D8EF0300E243F4 /* I_Am_Rich_Swift_UIApp.swift */; };
		09A7833127D8EF0300E243F4 /* ContentView.swift in Sources */ = {isa = PBXBuildFile; fileRef = 09A7833027D8EF0300E243F4 /* ContentView.swift */; };
		09A7833327D8EF0600E243F4 /* Assets.xcassets in Resources */ = {isa = PBXBuildFile; fileRef = 09A7833227D8EF0600E243F4 /* Assets.xcassets */; };
		09A7833627D8EF0600E243F4 /* Preview Assets.xcassets in Resources */ = {isa = PBXBuildFile; fileRef = 09A7833527D8EF0600E243F4 /* Preview Assets.xcassets */; };
		09A7834027D8EF0600E243F4 /* I_Am_Rich_Swift_UITests.swift in Sources */ = {isa = PBXBuildFile; fileRef = 09A7833F27D8EF0600E243F4 /* I_Am_Rich_Swift_UITests.swift */; };
		09A7834A27D8EF0600E243F4 /* I_Am_Rich_Swift_UIUITests.swift in Sources */ = {isa = PBXBuildFile; fileRef = 09A7834927D8EF0600E243F4 /* I_Am_Rich_Swift_UIUITests.swift */; };
		09A7834C27D8EF0600E243F4 /* I_Am_Rich_Swift_UIUITestsLaunchTests.swift in Sources */ = {isa = PBXBuildFile; fileRef = 09A7834B27D8EF0600E243F4 /* I_Am_Rich_Swift_UIUITestsLaunchTests.swift */; };
/* End PBXBuildFile section */

/* Begin PBXContainerItemProxy section */
		09A7833C27D8EF0600E243F4 /* PBXContainerItemProxy */ = {
			isa = PBXContainerItemProxy;
			containerPortal = 09A7832327D8EF0300E243F4 /* Project object */;
			proxyType = 1;
			remoteGlobalIDString = 09A7832A27D8EF0300E243F4;
			remoteInfo = "I Am Rich Swift UI";
		};
		09A7834627D8EF0600E243F4 /* PBXContainerItemProxy */ = {
			isa = PBXContainerItemProxy;
			containerPortal = 09A7832327D8EF0300E243F4 /* Project object */;
			proxyType = 1;
			remoteGlobalIDString = 09A7832A27D8EF0300E243F4;
			remoteInfo = "I Am Rich Swift UI";
		};
/* End PBXContainerItemProxy section */

/* Begin PBXFileReference section */
		09A7832B27D8EF0300E243F4 /* I Am Rich Swift UI.app */ = {isa = PBXFileReference; explicitFileType = wrapper.application; includeInIndex = 0; path = "I Am Rich Swift UI.app"; sourceTree = BUILT_PRODUCTS_DIR; };
		09A7832E27D8EF0300E243F4 /* I_Am_Rich_Swift_UIApp.swift */ = {isa = PBXFileReference; lastKnownFileType = sourcecode.swift; path = I_Am_Rich_Swift_UIApp.swift; sourceTree = "<group>"; };
		09A7833027D8EF0300E243F4 /* ContentView.swift */ = {isa = PBXFileReference; lastKnownFileType = sourcecode.swift; path = ContentView.swift; sourceTree = "<group>"; };
		09A7833227D8EF0600E243F4 /* Assets.xcassets */ = {isa = PBXFileReference; lastKnownFileType = folder.assetcatalog; path = Assets.xcassets; sourceTree = "<group>"; };
		09A7833527D8EF0600E243F4 /* Preview Assets.xcassets */ = {isa = PBXFileReference; lastKnownFileType = folder.assetcatalog; path = "Preview Assets.xcassets"; sourceTree = "<group>"; };
		09A7833B27D8EF0600E243F4 /* I Am Rich Swift UITests.xctest */ = {isa = PBXFileReference; explicitFileType = wrapper.cfbundle; includeInIndex = 0; path = "I Am Rich Swift UITests.xctest"; sourceTree = BUILT_PRODUCTS_DIR; };
		09A7833F27D8EF0600E243F4 /* I_Am_Rich_Swift_UITests.swift */ = {isa = PBXFileReference; lastKnownFileType = sourcecode.swift; path = I_Am_Rich_Swift_UITests.swift; sourceTree = "<group>"; };
		09A7834527D8EF0600E243F4 /* I Am Rich Swift UIUITests.xctest */ = {isa = PBXFileReference; explicitFileType = wrapper.cfbundle; includeInIndex = 0; path = "I Am Rich Swift UIUITests.xctest"; sourceTree = BUILT_PRODUCTS_DIR; };
		09A7834927D8EF0600E243F4 /* I_Am_Rich_Swift_UIUITests.swift */ = {isa = PBXFileReference; lastKnownFileType = sourcecode.swift; path = I_Am_Rich_Swift_UIUITests.swift; sourceTree = "<group>"; };
		09A7834B27D8EF0600E243F4 /* I_Am_Rich_Swift_UIUITestsLaunchTests.swift */ = {isa = PBXFileReference; lastKnownFileType = sourcecode.swift; path = I_Am_Rich_Swift_UIUITestsLaunchTests.swift; sourceTree = "<group>"; };
/* End PBXFileReference section */

/* Begin PBXFrameworksBuildPhase section */
		09A7832827D8EF0300E243F4 /* Frameworks */ = {
			isa = PBXFrameworksBuildPhase;
			buildActionMask = 2147483647;
			files = (
			);
			runOnlyForDeploymentPostprocessing = 0;
		};
		09A7833827D8EF0600E243F4 /* Frameworks */ = {
			isa = PBXFrameworksBuildPhase;
			buildActionMask = 2147483647;
			files = (
			);
			runOnlyForDeploymentPostprocessing = 0;
		};
		09A7834227D8EF0600E243F4 /* Frameworks */ = {
			isa = PBXFrameworksBuildPhase;
			buildActionMask = 2147483647;
			files = (
			);
			runOnlyForDeploymentPostprocessing = 0;
		};
/* End PBXFrameworksBuildPhase section */

/* Begin PBXGroup section */
		09A7832227D8EF0300E243F4 = {
			isa = PBXGroup;
			children = (
				09A7832D27D8EF0300E243F4 /* I Am Rich Swift UI */,
				09A7833E27D8EF0600E243F4 /* I Am Rich Swift UITests */,
				09A7834827D8EF0600E243F4 /* I Am Rich Swift UIUITests */,
				09A7832C27D8EF0300E243F4 /* Products */,
			);
			sourceTree = "<group>";
		};
		09A7832C27D8EF0300E243F4 /* Products */ = {
			isa = PBXGroup;
			children = (
				09A7832B27D8EF0300E243F4 /* I Am Rich Swift UI.app */,
				09A7833B27D8EF0600E243F4 /* I Am Rich Swift UITests.xctest */,
				09A7834527D8EF0600E243F4 /* I Am Rich Swift UIUITests.xctest */,
			);
			name = Products;
			sourceTree = "<group>";
		};
		09A7832D27D8EF0300E243F4 /* I Am Rich Swift UI */ = {
			isa = PBXGroup;
			children = (
				09A7832E27D8EF0300E243F4 /* I_Am_Rich_Swift_UIApp.swift */,
				09A7833027D8EF0300E243F4 /* ContentView.swift */,
				09A7833227D8EF0600E243F4 /* Assets.xcassets */,
				09A7833427D8EF0600E243F4 /* Preview Content */,
			);
			path = "I Am Rich Swift UI";
			sourceTree = "<group>";
		};
		09A7833427D8EF0600E243F4 /* Preview Content */ = {
			isa = PBXGroup;
			children = (
				09A7833527D8EF0600E243F4 /* Preview Assets.xcassets */,
			);
			path = "Preview Content";
			sourceTree = "<group>";
		};
		09A7833E27D8EF0600E243F4 /* I Am Rich Swift UITests */ = {
			isa = PBXGroup;
			children = (
				09A7833F27D8EF0600E243F4 /* I_Am_Rich_Swift_UITests.swift */,
			);
			path = "I Am Rich Swift UITests";
			sourceTree = "<group>";
		};
		09A7834827D8EF0600E243F4 /* I Am Rich Swift UIUITests */ = {
			isa = PBXGroup;
			children = (
				09A7834927D8EF0600E243F4 /* I_Am_Rich_Swift_UIUITests.swift */,
				09A7834B27D8EF0600E243F4 /* I_Am_Rich_Swift_UIUITestsLaunchTests.swift */,
			);
			path = "I Am Rich Swift UIUITests";
			sourceTree = "<group>";
		};
/* End PBXGroup section */

/* Begin PBXNativeTarget section */
		09A7832A27D8EF0300E243F4 /* I Am Rich Swift UI */ = {
			isa = PBXNativeTarget;
			buildConfigurationList = 09A7834F27D8EF0600E243F4 /* Build configuration list for PBXNativeTarget "I Am Rich Swift UI" */;
			buildPhases = (
				09A7832727D8EF0300E243F4 /* Sources */,
				09A7832827D8EF0300E243F4 /* Frameworks */,
				09A7832927D8EF0300E243F4 /* Resources */,
			);
			buildRules = (
			);
			dependencies = (
			);
			name = "I Am Rich Swift UI";
			productName = "I Am Rich Swift UI";
			productReference = 09A7832B27D8EF0300E243F4 /* I Am Rich Swift UI.app */;
			productType = "com.apple.product-type.application";
		};
		09A7833A27D8EF0600E243F4 /* I Am Rich Swift UITests */ = {
			isa = PBXNativeTarget;
			buildConfigurationList = 09A7835227D8EF0600E243F4 /* Build configuration list for PBXNativeTarget "I Am Rich Swift UITests" */;
			buildPhases = (
				09A7833727D8EF0600E243F4 /* Sources */,
				09A7833827D8EF0600E243F4 /* Frameworks */,
				09A7833927D8EF0600E243F4 /* Resources */,
			);
			buildRules = (
			);
			dependencies = (
				09A7833D27D8EF0600E243F4 /* PBXTargetDependency */,
			);
			name = "I Am Rich Swift UITests";
			productName = "I Am Rich Swift UITests";
			productReference = 09A7833B27D8EF0600E243F4 /* I Am Rich Swift UITests.xctest */;
			productType = "com.apple.product-type.bundle.unit-test";
		};
		09A7834427D8EF0600E243F4 /* I Am Rich Swift UIUITests */ = {
			isa = PBXNativeTarget;
			buildConfigurationList = 09A7835527D8EF0600E243F4 /* Build configuration list for PBXNativeTarget "I Am Rich Swift UIUITests" */;
			buildPhases = (
				09A7834127D8EF0600E243F4 /* Sources */,
				09A7834227D8EF0600E243F4 /* Frameworks */,
				09A7834327D8EF0600E243F4 /* Resources */,
			);
			buildRules = (
			);
			dependencies = (
				09A7834727D8EF0600E243F4 /* PBXTargetDependency */,
			);
			name = "I Am Rich Swift UIUITests";
			productName = "I Am Rich Swift UIUITests";
			productReference = 09A7834527D8EF0600E243F4 /* I Am Rich Swift UIUITests.xctest */;
			productType = "com.apple.product-type.bundle.ui-testing";
		};
/* End PBXNativeTarget section */

/* Begin PBXProject section */
		09A7832327D8EF0300E243F4 /* Project object */ = {
			isa = PBXProject;
			attributes = {
				BuildIndependentTargetsInParallel = 1;
				LastSwiftUpdateCheck = 1320;
				LastUpgradeCheck = 1320;
				TargetAttributes = {
					09A7832A27D8EF0300E243F4 = {
						CreatedOnToolsVersion = 13.2.1;
					};
					09A7833A27D8EF0600E243F4 = {
						CreatedOnToolsVersion = 13.2.1;
						TestTargetID = 09A7832A27D8EF0300E243F4;
					};
					09A7834427D8EF0600E243F4 = {
						CreatedOnToolsVersion = 13.2.1;
						TestTargetID = 09A7832A27D8EF0300E243F4;
					};
				};
			};
			buildConfigurationList = 09A7832627D8EF0300E243F4 /* Build configuration list for PBXProject "I Am Rich Swift UI" */;
			compatibilityVersion = "Xcode 13.0";
			developmentRegion = en;
			hasScannedForEncodings = 0;
			knownRegions = (
				en,
				Base,
			);
			mainGroup = 09A7832227D8EF0300E243F4;
			productRefGroup = 09A7832C27D8EF0300E243F4 /* Products */;
			projectDirPath = "";
			projectRoot = "";
			targets = (
				09A7832A27D8EF0300E243F4 /* I Am Rich Swift UI */,
				09A7833A27D8EF0600E243F4 /* I Am Rich Swift UITests */,
				09A7834427D8EF0600E243F4 /* I Am Rich Swift UIUITests */,
			);
		};
/* End PBXProject section */

/* Begin PBXResourcesBuildPhase section */
		09A7832927D8EF0300E243F4 /* Resources */ = {
			isa = PBXResourcesBuildPhase;
			buildActionMask = 2147483647;
			files = (
				09A7833627D8EF0600E243F4 /* Preview Assets.xcassets in Resources */,
				09A7833327D8EF0600E243F4 /* Assets.xcassets in Resources */,
			);
			runOnlyForDeploymentPostprocessing = 0;
		};
		09A7833927D8EF0600E243F4 /* Resources */ = {
			isa = PBXResourcesBuildPhase;
			buildActionMask = 2147483647;
			files = (
			);
			runOnlyForDeploymentPostprocessing = 0;
		};
		09A7834327D8EF0600E243F4 /* Resources */ = {
			isa = PBXResourcesBuildPhase;
			buildActionMask = 2147483647;
			files = (
			);
			runOnlyForDeploymentPostprocessing = 0;
		};
/* End PBXResourcesBuildPhase section */

/* Begin PBXSourcesBuildPhase section */
		09A7832727D8EF0300E243F4 /* Sources */ = {
			isa = PBXSourcesBuildPhase;
			buildActionMask = 2147483647;
			files = (
				09A7833127D8EF0300E243F4 /* ContentView.swift in Sources */,
				09A7832F27D8EF0300E243F4 /* I_Am_Rich_Swift_UIApp.swift in Sources */,
			);
			runOnlyForDeploymentPostprocessing = 0;
		};
		09A7833727D8EF0600E243F4 /* Sources */ = {
			isa = PBXSourcesBuildPhase;
			buildActionMask = 2147483647;
			files = (
				09A7834027D8EF0600E243F4 /* I_Am_Rich_Swift_UITests.swift in Sources */,
			);
			runOnlyForDeploymentPostprocessing = 0;
		};
		09A7834127D8EF0600E243F4 /* Sources */ = {
			isa = PBXSourcesBuildPhase;
			buildActionMask = 2147483647;
			files = (
				09A7834C27D8EF0600E243F4 /* I_Am_Rich_Swift_UIUITestsLaunchTests.swift in Sources */,
				09A7834A27D8EF0600E243F4 /* I_Am_Rich_Swift_UIUITests.swift in Sources */,
			);
			runOnlyForDeploymentPostprocessing = 0;
		};
/* End PBXSourcesBuildPhase section */

/* Begin PBXTargetDependency section */
		09A7833D27D8EF0600E243F4 /* PBXTargetDependency */ = {
			isa = PBXTargetDependency;
			target = 09A7832A27D8EF0300E243F4 /* I Am Rich Swift UI */;
			targetProxy = 09A7833C27D8EF0600E243F4 /* PBXContainerItemProxy */;
		};
		09A7834727D8EF0600E243F4 /* PBXTargetDependency */ = {
			isa = PBXTargetDependency;
			target = 09A7832A27D8EF0300E243F4 /* I Am Rich Swift UI */;
			targetProxy = 09A7834627D8EF0600E243F4 /* PBXContainerItemProxy */;
		};
/* End PBXTargetDependency section */

/* Begin XCBuildConfiguration section */
		09A7834D27D8EF0600E243F4 /* Debug */ = {
			isa = XCBuildConfiguration;
			buildSettings = {
				ALWAYS_SEARCH_USER_PATHS = NO;
				CLANG_ANALYZER_NONNULL = YES;
				CLANG_ANALYZER_NUMBER_OBJECT_CONVERSION = YES_AGGRESSIVE;
				CLANG_CXX_LANGUAGE_STANDARD = "gnu++17";
				CLANG_CXX_LIBRARY = "libc++";
				CLANG_ENABLE_MODULES = YES;
				CLANG_ENABLE_OBJC_ARC = YES;
				CLANG_ENABLE_OBJC_WEAK = YES;
				CLANG_WARN_BLOCK_CAPTURE_AUTORELEASING = YES;
				CLANG_WARN_BOOL_CONVERSION = YES;
				CLANG_WARN_COMMA = YES;
				CLANG_WARN_CONSTANT_CONVERSION = YES;
				CLANG_WARN_DEPRECATED_OBJC_IMPLEMENTATIONS = YES;
				CLANG_WARN_DIRECT_OBJC_ISA_USAGE = YES_ERROR;
				CLANG_WARN_DOCUMENTATION_COMMENTS = YES;
				CLANG_WARN_EMPTY_BODY = YES;
				CLANG_WARN_ENUM_CONVERSION = YES;
				CLANG_WARN_INFINITE_RECURSION = YES;
				CLANG_WARN_INT_CONVERSION = YES;
				CLANG_WARN_NON_LITERAL_NULL_CONVERSION = YES;
				CLANG_WARN_OBJC_IMPLICIT_RETAIN_SELF = YES;
				CLANG_WARN_OBJC_LITERAL_CONVERSION = YES;
				CLANG_WARN_OBJC_ROOT_CLASS = YES_ERROR;
				CLANG_WARN_QUOTED_INCLUDE_IN_FRAMEWORK_HEADER = YES;
				CLANG_WARN_RANGE_LOOP_ANALYSIS = YES;
				CLANG_WARN_STRICT_PROTOTYPES = YES;
				CLANG_WARN_SUSPICIOUS_MOVE = YES;
				CLANG_WARN_UNGUARDED_AVAILABILITY = YES_AGGRESSIVE;
				CLANG_WARN_UNREACHABLE_CODE = YES;
				CLANG_WARN__DUPLICATE_METHOD_MATCH = YES;
				COPY_PHASE_STRIP = NO;
				DEBUG_INFORMATION_FORMAT = dwarf;
				ENABLE_STRICT_OBJC_MSGSEND = YES;
				ENABLE_TESTABILITY = YES;
				GCC_C_LANGUAGE_STANDARD = gnu11;
				GCC_DYNAMIC_NO_PIC = NO;
				GCC_NO_COMMON_BLOCKS = YES;
				GCC_OPTIMIZATION_LEVEL = 0;
				GCC_PREPROCESSOR_DEFINITIONS = (
					"DEBUG=1",
					"$(inherited)",
				);
				GCC_WARN_64_TO_32_BIT_CONVERSION = YES;
				GCC_WARN_ABOUT_RETURN_TYPE = YES_ERROR;
				GCC_WARN_UNDECLARED_SELECTOR = YES;
				GCC_WARN_UNINITIALIZED_AUTOS = YES_AGGRESSIVE;
				GCC_WARN_UNUSED_FUNCTION = YES;
				GCC_WARN_UNUSED_VARIABLE = YES;
				IPHONEOS_DEPLOYMENT_TARGET = 15.2;
				MTL_ENABLE_DEBUG_INFO = INCLUDE_SOURCE;
				MTL_FAST_MATH = YES;
				ONLY_ACTIVE_ARCH = YES;
				SDKROOT = iphoneos;
				SWIFT_ACTIVE_COMPILATION_CONDITIONS = DEBUG;
				SWIFT_OPTIMIZATION_LEVEL = "-Onone";
			};
			name = Debug;
		};
		09A7834E27D8EF0600E243F4 /* Release */ = {
			isa = XCBuildConfiguration;
			buildSettings = {
				ALWAYS_SEARCH_USER_PATHS = NO;
				CLANG_ANALYZER_NONNULL = YES;
				CLANG_ANALYZER_NUMBER_OBJECT_CONVERSION = YES_AGGRESSIVE;
				CLANG_CXX_LANGUAGE_STANDARD = "gnu++17";
				CLANG_CXX_LIBRARY = "libc++";
				CLANG_ENABLE_MODULES = YES;
				CLANG_ENABLE_OBJC_ARC = YES;
				CLANG_ENABLE_OBJC_WEAK = YES;
				CLANG_WARN_BLOCK_CAPTURE_AUTORELEASING = YES;
				CLANG_WARN_BOOL_CONVERSION = YES;
				CLANG_WARN_COMMA = YES;
				CLANG_WARN_CONSTANT_CONVERSION = YES;
				CLANG_WARN_DEPRECATED_OBJC_IMPLEMENTATIONS = YES;
				CLANG_WARN_DIRECT_OBJC_ISA_USAGE = YES_ERROR;
				CLANG_WARN_DOCUMENTATION_COMMENTS = YES;
				CLANG_WARN_EMPTY_BODY = YES;
				CLANG_WARN_ENUM_CONVERSION = YES;
				CLANG_WARN_INFINITE_RECURSION = YES;
				CLANG_WARN_INT_CONVERSION = YES;
				CLANG_WARN_NON_LITERAL_NULL_CONVERSION = YES;
				CLANG_WARN_OBJC_IMPLICIT_RETAIN_SELF = YES;
				CLANG_WARN_OBJC_LITERAL_CONVERSION = YES;
				CLANG_WARN_OBJC_ROOT_CLASS = YES_ERROR;
				CLANG_WARN_QUOTED_INCLUDE_IN_FRAMEWORK_HEADER = YES;
				CLANG_WARN_RANGE_LOOP_ANALYSIS = YES;
				CLANG_WARN_STRICT_PROTOTYPES = YES;
				CLANG_WARN_SUSPICIOUS_MOVE = YES;
				CLANG_WARN_UNGUARDED_AVAILABILITY = YES_AGGRESSIVE;
				CLANG_WARN_UNREACHABLE_CODE = YES;
				CLANG_WARN__DUPLICATE_METHOD_MATCH = YES;
				COPY_PHASE_STRIP = NO;
				DEBUG_INFORMATION_FORMAT = "dwarf-with-dsym";
				ENABLE_NS_ASSERTIONS = NO;
				ENABLE_STRICT_OBJC_MSGSEND = YES;
				GCC_C_LANGUAGE_STANDARD = gnu11;
				GCC_NO_COMMON_BLOCKS = YES;
				GCC_WARN_64_TO_32_BIT_CONVERSION = YES;
				GCC_WARN_ABOUT_RETURN_TYPE = YES_ERROR;
				GCC_WARN_UNDECLARED_SELECTOR = YES;
				GCC_WARN_UNINITIALIZED_AUTOS = YES_AGGRESSIVE;
				GCC_WARN_UNUSED_FUNCTION = YES;
				GCC_WARN_UNUSED_VARIABLE = YES;
				IPHONEOS_DEPLOYMENT_TARGET = 15.2;
				MTL_ENABLE_DEBUG_INFO = NO;
				MTL_FAST_MATH = YES;
				SDKROOT = iphoneos;
				SWIFT_COMPILATION_MODE = wholemodule;
				SWIFT_OPTIMIZATION_LEVEL = "-O";
				VALIDATE_PRODUCT = YES;
			};
			name = Release;
		};
		09A7835027D8EF0600E243F4 /* Debug */ = {
			isa = XCBuildConfiguration;
			buildSettings = {
				ASSETCATALOG_COMPILER_APPICON_NAME = AppIcon;
				ASSETCATALOG_COMPILER_GLOBAL_ACCENT_COLOR_NAME = AccentColor;
				CODE_SIGN_STYLE = Automatic;
				CURRENT_PROJECT_VERSION = 1;
				DEVELOPMENT_ASSET_PATHS = "\"I Am Rich Swift UI/Preview Content\"";
				DEVELOPMENT_TEAM = M72945Z4N7;
				ENABLE_PREVIEWS = YES;
				GENERATE_INFOPLIST_FILE = YES;
				INFOPLIST_KEY_UIApplicationSceneManifest_Generation = YES;
				INFOPLIST_KEY_UIApplicationSupportsIndirectInputEvents = YES;
				INFOPLIST_KEY_UILaunchScreen_Generation = YES;
				INFOPLIST_KEY_UISupportedInterfaceOrientations_iPad = "UIInterfaceOrientationPortrait UIInterfaceOrientationPortraitUpsideDown UIInterfaceOrientationLandscapeLeft UIInterfaceOrientationLandscapeRight";
				INFOPLIST_KEY_UISupportedInterfaceOrientations_iPhone = "UIInterfaceOrientationPortrait UIInterfaceOrientationLandscapeLeft UIInterfaceOrientationLandscapeRight";
				LD_RUNPATH_SEARCH_PATHS = (
					"$(inherited)",
					"@executable_path/Frameworks",
				);
				MARKETING_VERSION = 1.0;
				PRODUCT_BUNDLE_IDENTIFIER = "nwingshadows.I-Am-Rich-Swift-UI";
				PRODUCT_NAME = "$(TARGET_NAME)";
				SWIFT_EMIT_LOC_STRINGS = YES;
				SWIFT_VERSION = 5.0;
				TARGETED_DEVICE_FAMILY = "1,2";
			};
			name = Debug;
		};
		09A7835127D8EF0600E243F4 /* Release */ = {
			isa = XCBuildConfiguration;
			buildSettings = {
				ASSETCATALOG_COMPILER_APPICON_NAME = AppIcon;
				ASSETCATALOG_COMPILER_GLOBAL_ACCENT_COLOR_NAME = AccentColor;
				CODE_SIGN_STYLE = Automatic;
				CURRENT_PROJECT_VERSION = 1;
				DEVELOPMENT_ASSET_PATHS = "\"I Am Rich Swift UI/Preview Content\"";
				DEVELOPMENT_TEAM = M72945Z4N7;
				ENABLE_PREVIEWS = YES;
				GENERATE_INFOPLIST_FILE = YES;
				INFOPLIST_KEY_UIApplicationSceneManifest_Generation = YES;
				INFOPLIST_KEY_UIApplicationSupportsIndirectInputEvents = YES;
				INFOPLIST_KEY_UILaunchScreen_Generation = YES;
				INFOPLIST_KEY_UISupportedInterfaceOrientations_iPad = "UIInterfaceOrientationPortrait UIInterfaceOrientationPortraitUpsideDown UIInterfaceOrientationLandscapeLeft UIInterfaceOrientationLandscapeRight";
				INFOPLIST_KEY_UISupportedInterfaceOrientations_iPhone = "UIInterfaceOrientationPortrait UIInterfaceOrientationLandscapeLeft UIInterfaceOrientationLandscapeRight";
				LD_RUNPATH_SEARCH_PATHS = (
					"$(inherited)",
					"@executable_path/Frameworks",
				);
				MARKETING_VERSION = 1.0;
				PRODUCT_BUNDLE_IDENTIFIER = "nwingshadows.I-Am-Rich-Swift-UI";
				PRODUCT_NAME = "$(TARGET_NAME)";
				SWIFT_EMIT_LOC_STRINGS = YES;
				SWIFT_VERSION = 5.0;
				TARGETED_DEVICE_FAMILY = "1,2";
			};
			name = Release;
		};
		09A7835327D8EF0600E243F4 /* Debug */ = {
			isa = XCBuildConfiguration;
			buildSettings = {
				ALWAYS_EMBED_SWIFT_STANDARD_LIBRARIES = YES;
				BUNDLE_LOADER = "$(TEST_HOST)";
				CODE_SIGN_STYLE = Automatic;
				CURRENT_PROJECT_VERSION = 1;
				DEVELOPMENT_TEAM = M72945Z4N7;
				GENERATE_INFOPLIST_FILE = YES;
				IPHONEOS_DEPLOYMENT_TARGET = 15.2;
				MARKETING_VERSION = 1.0;
				PRODUCT_BUNDLE_IDENTIFIER = "nwingshadows.I-Am-Rich-Swift-UITests";
				PRODUCT_NAME = "$(TARGET_NAME)";
				SWIFT_EMIT_LOC_STRINGS = NO;
				SWIFT_VERSION = 5.0;
				TARGETED_DEVICE_FAMILY = "1,2";
				TEST_HOST = "$(BUILT_PRODUCTS_DIR)/I Am Rich Swift UI.app/I Am Rich Swift UI";
			};
			name = Debug;
		};
		09A7835427D8EF0600E243F4 /* Release */ = {
			isa = XCBuildConfiguration;
			buildSettings = {
				ALWAYS_EMBED_SWIFT_STANDARD_LIBRARIES = YES;
				BUNDLE_LOADER = "$(TEST_HOST)";
				CODE_SIGN_STYLE = Automatic;
				CURRENT_PROJECT_VERSION = 1;
				DEVELOPMENT_TEAM = M72945Z4N7;
				GENERATE_INFOPLIST_FILE = YES;
				IPHONEOS_DEPLOYMENT_TARGET = 15.2;
				MARKETING_VERSION = 1.0;
				PRODUCT_BUNDLE_IDENTIFIER = "nwingshadows.I-Am-Rich-Swift-UITests";
				PRODUCT_NAME = "$(TARGET_NAME)";
				SWIFT_EMIT_LOC_STRINGS = NO;
				SWIFT_VERSION = 5.0;
				TARGETED_DEVICE_FAMILY = "1,2";
				TEST_HOST = "$(BUILT_PRODUCTS_DIR)/I Am Rich Swift UI.app/I Am Rich Swift UI";
			};
			name = Release;
		};
		09A7835627D8EF0600E243F4 /* Debug */ = {
			isa = XCBuildConfiguration;
			buildSettings = {
				ALWAYS_EMBED_SWIFT_STANDARD_LIBRARIES = YES;
				CODE_SIGN_STYLE = Automatic;
				CURRENT_PROJECT_VERSION = 1;
				DEVELOPMENT_TEAM = M72945Z4N7;
				GENERATE_INFOPLIST_FILE = YES;
				MARKETING_VERSION = 1.0;
				PRODUCT_BUNDLE_IDENTIFIER = "nwingshadows.I-Am-Rich-Swift-UIUITests";
				PRODUCT_NAME = "$(TARGET_NAME)";
				SWIFT_EMIT_LOC_STRINGS = NO;
				SWIFT_VERSION = 5.0;
				TARGETED_DEVICE_FAMILY = "1,2";
				TEST_TARGET_NAME = "I Am Rich Swift UI";
			};
			name = Debug;
		};
		09A7835727D8EF0600E243F4 /* Release */ = {
			isa = XCBuildConfiguration;
			buildSettings = {
				ALWAYS_EMBED_SWIFT_STANDARD_LIBRARIES = YES;
				CODE_SIGN_STYLE = Automatic;
				CURRENT_PROJECT_VERSION = 1;
				DEVELOPMENT_TEAM = M72945Z4N7;
				GENERATE_INFOPLIST_FILE = YES;
				MARKETING_VERSION = 1.0;
				PRODUCT_BUNDLE_IDENTIFIER = "nwingshadows.I-Am-Rich-Swift-UIUITests";
				PRODUCT_NAME = "$(TARGET_NAME)";
				SWIFT_EMIT_LOC_STRINGS = NO;
				SWIFT_VERSION = 5.0;
				TARGETED_DEVICE_FAMILY = "1,2";
				TEST_TARGET_NAME = "I Am Rich Swift UI";
			};
			name = Release;
		};
/* End XCBuildConfiguration section */

/* Begin XCConfigurationList section */
		09A7832627D8EF0300E243F4 /* Build configuration list for PBXProject "I Am Rich Swift UI" */ = {
			isa = XCConfigurationList;
			buildConfigurations = (
				09A7834D27D8EF0600E243F4 /* Debug */,
				09A7834E27D8EF0600E243F4 /* Release */,
			);
			defaultConfigurationIsVisible = 0;
			defaultConfigurationName = Release;
		};
		09A7834F27D8EF0600E243F4 /* Build configuration list for PBXNativeTarget "I Am Rich Swift UI" */ = {
			isa = XCConfigurationList;
			buildConfigurations = (
				09A7835027D8EF0600E243F4 /* Debug */,
				09A7835127D8EF0600E243F4 /* Release */,
			);
			defaultConfigurationIsVisible = 0;
			defaultConfigurationName = Release;
		};
		09A7835227D8EF0600E243F4 /* Build configuration list for PBXNativeTarget "I Am Rich Swift UITests" */ = {
			isa = XCConfigurationList;
			buildConfigurations = (
				09A7835327D8EF0600E243F4 /* Debug */,
				09A7835427D8EF0600E243F4 /* Release */,
			);
			defaultConfigurationIsVisible = 0;
			defaultConfigurationName = Release;
		};
		09A7835527D8EF0600E243F4 /* Build configuration list for PBXNativeTarget "I Am Rich Swift UIUITests" */ = {
			isa = XCConfigurationList;
			buildConfigurations = (
				09A7835627D8EF0600E243F4 /* Debug */,
				09A7835727D8EF0600E243F4 /* Release */,
			);
			defaultConfigurationIsVisible = 0;
			defaultConfigurationName = Release;
		};
/* End XCConfigurationList section */
	};
	rootObject = 09A7832327D8EF0300E243F4 /* Project object */;
}
